
Microsoft Visual Studio Solution File, Format Version 12.00
# Visual Studio Version 17
VisualStudioVersion = 17.10.35004.147
MinimumVisualStudioVersion = 10.0.40219.1
Project("{9A19103F-16F7-4668-BE54-9A1E7A4F7556}") = "D66.US2024.App", "src\D66.US2024.App\D66.US2024.App.csproj", "{BC229C35-75E8-4126-A4AA-73793379BC27}"
EndProject
Project("{2150E333-8FDC-42A3-9474-1A3956D46DE8}") = "src", "src", "{9FB43BB4-3CE9-4D8E-AE33-247EBB4CC0E0}"
EndProject
Project("{2150E333-8FDC-42A3-9474-1A3956D46DE8}") = ".github", ".github", "{DBD93699-E988-49A7-93CD-8C3EBB01596C}"
EndProject
Project("{2150E333-8FDC-42A3-9474-1A3956D46DE8}") = "workflows", "workflows", "{BBAAF959-69A8-49EF-8948-B7E6C8184F7E}"
	ProjectSection(SolutionItems) = preProject
		.github\workflows\dotnet.yml = .github\workflows\dotnet.yml
	EndProjectSection
EndProject
Project("{9A19103F-16F7-4668-BE54-9A1E7A4F7556}") = "D66.US2024", "src\D66.US2024\D66.US2024.csproj", "{956C319D-2AE6-4173-BFA1-6DC2DCAFF140}"
EndProject
Project("{2150E333-8FDC-42A3-9474-1A3956D46DE8}") = "test", "test", "{45C04C91-FB99-4DB9-9147-3FCF60040BEB}"
EndProject
Project("{9A19103F-16F7-4668-BE54-9A1E7A4F7556}") = "D66.US2024.Test", "test\D66.US2024.Test\D66.US2024.Test.csproj", "{A17F30A5-C9B8-4928-8713-46B840CCEE64}"
EndProject
Project("{9A19103F-16F7-4668-BE54-9A1E7A4F7556}") = "Ambacht.Common", "src\Ambacht.Common\Ambacht.Common.csproj", "{E03C53AF-77EB-4AF7-A00F-0EC1623B16BA}"
EndProject
Project("{9A19103F-16F7-4668-BE54-9A1E7A4F7556}") = "Ambacht.Common.Maps", "src\Ambacht.Common.Maps\Ambacht.Common.Maps.csproj", "{871918AC-694A-4067-B3FB-DCE34807E87E}"
EndProject
Project("{9A19103F-16F7-4668-BE54-9A1E7A4F7556}") = "Ambacht.Common.Blazor", "src\Ambacht.Common.Blazor\Ambacht.Common.Blazor.csproj", "{8D4898FF-5EB6-4197-A12A-54C3AA953973}"
EndProject
Project("{9A19103F-16F7-4668-BE54-9A1E7A4F7556}") = "Ambacht.Common.Maps.Blazor", "src\Ambacht.Common.Maps.Blazor\Ambacht.Common.Maps.Blazor.csproj", "{D8FC7A34-D1D7-4F16-B449-9234A2036163}"
EndProject
Global
	GlobalSection(SolutionConfigurationPlatforms) = preSolution
		Debug|Any CPU = Debug|Any CPU
		Release|Any CPU = Release|Any CPU
	EndGlobalSection
	GlobalSection(ProjectConfigurationPlatforms) = postSolution
		{BC229C35-75E8-4126-A4AA-73793379BC27}.Debug|Any CPU.ActiveCfg = Debug|Any CPU
		{BC229C35-75E8-4126-A4AA-73793379BC27}.Debug|Any CPU.Build.0 = Debug|Any CPU
		{BC229C35-75E8-4126-A4AA-73793379BC27}.Release|Any CPU.ActiveCfg = Release|Any CPU
		{BC229C35-75E8-4126-A4AA-73793379BC27}.Release|Any CPU.Build.0 = Release|Any CPU
		{956C319D-2AE6-4173-BFA1-6DC2DCAFF140}.Debug|Any CPU.ActiveCfg = Debug|Any CPU
		{956C319D-2AE6-4173-BFA1-6DC2DCAFF140}.Debug|Any CPU.Build.0 = Debug|Any CPU
		{956C319D-2AE6-4173-BFA1-6DC2DCAFF140}.Release|Any CPU.ActiveCfg = Release|Any CPU
		{956C319D-2AE6-4173-BFA1-6DC2DCAFF140}.Release|Any CPU.Build.0 = Release|Any CPU
		{A17F30A5-C9B8-4928-8713-46B840CCEE64}.Debug|Any CPU.ActiveCfg = Debug|Any CPU
		{A17F30A5-C9B8-4928-8713-46B840CCEE64}.Debug|Any CPU.Build.0 = Debug|Any CPU
		{A17F30A5-C9B8-4928-8713-46B840CCEE64}.Release|Any CPU.ActiveCfg = Release|Any CPU
		{A17F30A5-C9B8-4928-8713-46B840CCEE64}.Release|Any CPU.Build.0 = Release|Any CPU
		{E03C53AF-77EB-4AF7-A00F-0EC1623B16BA}.Debug|Any CPU.ActiveCfg = Debug|Any CPU
		{E03C53AF-77EB-4AF7-A00F-0EC1623B16BA}.Debug|Any CPU.Build.0 = Debug|Any CPU
		{E03C53AF-77EB-4AF7-A00F-0EC1623B16BA}.Release|Any CPU.ActiveCfg = Release|Any CPU
		{E03C53AF-77EB-4AF7-A00F-0EC1623B16BA}.Release|Any CPU.Build.0 = Release|Any CPU
		{871918AC-694A-4067-B3FB-DCE34807E87E}.Debug|Any CPU.ActiveCfg = Debug|Any CPU
		{871918AC-694A-4067-B3FB-DCE34807E87E}.Debug|Any CPU.Build.0 = Debug|Any CPU
		{871918AC-694A-4067-B3FB-DCE34807E87E}.Release|Any CPU.ActiveCfg = Release|Any CPU
		{871918AC-694A-4067-B3FB-DCE34807E87E}.Release|Any CPU.Build.0 = Release|Any CPU
		{8D4898FF-5EB6-4197-A12A-54C3AA953973}.Debug|Any CPU.ActiveCfg = Debug|Any CPU
		{8D4898FF-5EB6-4197-A12A-54C3AA953973}.Debug|Any CPU.Build.0 = Debug|Any CPU
		{8D4898FF-5EB6-4197-A12A-54C3AA953973}.Release|Any CPU.ActiveCfg = Release|Any CPU
		{8D4898FF-5EB6-4197-A12A-54C3AA953973}.Release|Any CPU.Build.0 = Release|Any CPU
		{D8FC7A34-D1D7-4F16-B449-9234A2036163}.Debug|Any CPU.ActiveCfg = Debug|Any CPU
		{D8FC7A34-D1D7-4F16-B449-9234A2036163}.Debug|Any CPU.Build.0 = Debug|Any CPU
		{D8FC7A34-D1D7-4F16-B449-9234A2036163}.Release|Any CPU.ActiveCfg = Release|Any CPU
		{D8FC7A34-D1D7-4F16-B449-9234A2036163}.Release|Any CPU.Build.0 = Release|Any CPU
	EndGlobalSection
	GlobalSection(SolutionProperties) = preSolution
		HideSolutionNode = FALSE
	EndGlobalSection
	GlobalSection(NestedProjects) = preSolution
		{BC229C35-75E8-4126-A4AA-73793379BC27} = {9FB43BB4-3CE9-4D8E-AE33-247EBB4CC0E0}
		{BBAAF959-69A8-49EF-8948-B7E6C8184F7E} = {DBD93699-E988-49A7-93CD-8C3EBB01596C}
		{956C319D-2AE6-4173-BFA1-6DC2DCAFF140} = {9FB43BB4-3CE9-4D8E-AE33-247EBB4CC0E0}
		{A17F30A5-C9B8-4928-8713-46B840CCEE64} = {45C04C91-FB99-4DB9-9147-3FCF60040BEB}
		{E03C53AF-77EB-4AF7-A00F-0EC1623B16BA} = {9FB43BB4-3CE9-4D8E-AE33-247EBB4CC0E0}
		{871918AC-694A-4067-B3FB-DCE34807E87E} = {9FB43BB4-3CE9-4D8E-AE33-247EBB4CC0E0}
		{8D4898FF-5EB6-4197-A12A-54C3AA953973} = {9FB43BB4-3CE9-4D8E-AE33-247EBB4CC0E0}
		{D8FC7A34-D1D7-4F16-B449-9234A2036163} = {9FB43BB4-3CE9-4D8E-AE33-247EBB4CC0E0}
	EndGlobalSection
	GlobalSection(ExtensibilityGlobals) = postSolution
		SolutionGuid = {91CA5157-15F8-489B-B4D3-46EEA9499F06}
	EndGlobalSection
EndGlobal
